
Microsoft Visual Studio Solution File, Format Version 12.00
# Visual Studio 15
VisualStudioVersion = 15.0.26228.10
MinimumVisualStudioVersion = 10.0.40219.1
Project("{8BC9CEB8-8B4A-11D0-8D11-00A0C91BC942}") = "RunInBash", "RunInBash\RunInBash.vcxproj", "{D478EFDC-2135-479A-8D41-D8839C999EED}"
EndProject
Global
	GlobalSection(SolutionConfigurationPlatforms) = preSolution
		Debug|Any CPU = Debug|Any CPU
		Debug|x64 = Debug|x64
		Debug|x86 = Debug|x86
		Release|Any CPU = Release|Any CPU
		Release|x64 = Release|x64
		Release|x86 = Release|x86
	EndGlobalSection
	GlobalSection(ProjectConfigurationPlatforms) = postSolution
		{D478EFDC-2135-479A-8D41-D8839C999EED}.Debug|Any CPU.ActiveCfg = Debug|Win32
		{D478EFDC-2135-479A-8D41-D8839C999EED}.Debug|x64.ActiveCfg = Debug|x64
		{D478EFDC-2135-479A-8D41-D8839C999EED}.Debug|x64.Build.0 = Debug|x64
		{D478EFDC-2135-479A-8D41-D8839C999EED}.Debug|x86.ActiveCfg = Debug|Win32
		{D478EFDC-2135-479A-8D41-D8839C999EED}.Debug|x86.Build.0 = Debug|Win32
		{D478EFDC-2135-479A-8D41-D8839C999EED}.Release|Any CPU.ActiveCfg = Release|Win32
		{D478EFDC-2135-479A-8D41-D8839C999EED}.Release|x64.ActiveCfg = Release|x64
		{D478EFDC-2135-479A-8D41-D8839C999EED}.Release|x64.Build.0 = Release|x64
		{D478EFDC-2135-479A-8D41-D8839C999EED}.Release|x86.ActiveCfg = Release|Win32
		{D478EFDC-2135-479A-8D41-D8839C999EED}.Release|x86.Build.0 = Release|Win32
	EndGlobalSection
	GlobalSection(SolutionProperties) = preSolution
		HideSolutionNode = FALSE
	EndGlobalSection
	GlobalSection(ExtensibilityGlobals) = postSolution
		SolutionGuid = {B1317C92-E635-4404-8916-204D563B9A7E}
	EndGlobalSection
EndGlobal
